
Microsoft Visual Studio Solution File, Format Version 12.00
# Visual Studio 14
VisualStudioVersion = 14.0.24720.0
MinimumVisualStudioVersion = 10.0.40219.1
Project("{FAE04EC0-301F-11D3-BF4B-00C04F79EFBC}") = "BeneficentCare", "BeneficentCare\BeneficentCare.csproj", "{51954BFB-0B89-4FF7-9AD9-9E0A4C48CC4F}"
EndProject
Project("{FAE04EC0-301F-11D3-BF4B-00C04F79EFBC}") = "BeneficentCare.Web", "BeneficentCare.Web\BeneficentCare.Web.csproj", "{AFC5A395-CD93-4022-88F3-07446635656B}"
EndProject
Global
	GlobalSection(SolutionConfigurationPlatforms) = preSolution
		Debug|Any CPU = Debug|Any CPU
		Release|Any CPU = Release|Any CPU
	EndGlobalSection
	GlobalSection(ProjectConfigurationPlatforms) = postSolution
		{51954BFB-0B89-4FF7-9AD9-9E0A4C48CC4F}.Debug|Any CPU.ActiveCfg = Debug|Any CPU
		{51954BFB-0B89-4FF7-9AD9-9E0A4C48CC4F}.Debug|Any CPU.Build.0 = Debug|Any CPU
		{51954BFB-0B89-4FF7-9AD9-9E0A4C48CC4F}.Release|Any CPU.ActiveCfg = Release|Any CPU
		{51954BFB-0B89-4FF7-9AD9-9E0A4C48CC4F}.Release|Any CPU.Build.0 = Release|Any CPU
		{AFC5A395-CD93-4022-88F3-07446635656B}.Debug|Any CPU.ActiveCfg = Debug|Any CPU
		{AFC5A395-CD93-4022-88F3-07446635656B}.Debug|Any CPU.Build.0 = Debug|Any CPU
		{AFC5A395-CD93-4022-88F3-07446635656B}.Release|Any CPU.ActiveCfg = Release|Any CPU
		{AFC5A395-CD93-4022-88F3-07446635656B}.Release|Any CPU.Build.0 = Release|Any CPU
	EndGlobalSection
	GlobalSection(SolutionProperties) = preSolution
		HideSolutionNode = FALSE
	EndGlobalSection
EndGlobal
